// !$*UTF8*$!
{
	archiveVersion = 1;
	classes = {
	};
	objectVersion = 48;
	objects = {

/* Begin PBXBuildFile section */
		8A1091241FF1E63D003C861D /* MultipleChoiceTableViewController.swift in Sources */ = {isa = PBXBuildFile; fileRef = 8A1091231FF1E63D003C861D /* MultipleChoiceTableViewController.swift */; };
		8A1091261FF1F668003C861D /* ChoiceTableViewCell.swift in Sources */ = {isa = PBXBuildFile; fileRef = 8A1091251FF1F668003C861D /* ChoiceTableViewCell.swift */; };
		8A71C682201CC86F00ACA293 /* Utils.swift in Sources */ = {isa = PBXBuildFile; fileRef = 8A71C681201CC86F00ACA293 /* Utils.swift */; };
		8A7CAD2A1FD8D206003D991E /* AppDelegate.swift in Sources */ = {isa = PBXBuildFile; fileRef = 8A7CAD291FD8D206003D991E /* AppDelegate.swift */; };
		8A7CAD2C1FD8D206003D991E /* QuestionViewController.swift in Sources */ = {isa = PBXBuildFile; fileRef = 8A7CAD2B1FD8D206003D991E /* QuestionViewController.swift */; };
		8A7CAD2F1FD8D206003D991E /* Main.storyboard in Resources */ = {isa = PBXBuildFile; fileRef = 8A7CAD2D1FD8D206003D991E /* Main.storyboard */; };
		8A7CAD311FD8D206003D991E /* Assets.xcassets in Resources */ = {isa = PBXBuildFile; fileRef = 8A7CAD301FD8D206003D991E /* Assets.xcassets */; };
		8A7CAD341FD8D206003D991E /* LaunchScreen.storyboard in Resources */ = {isa = PBXBuildFile; fileRef = 8A7CAD321FD8D206003D991E /* LaunchScreen.storyboard */; };
		8AB7D7CF201015A4008C77F2 /* chapter1.plist in Resources */ = {isa = PBXBuildFile; fileRef = 8AB7D7CE201015A4008C77F2 /* chapter1.plist */; };
		8AB7D7D9201016AB008C77F2 /* chapter8.plist in Resources */ = {isa = PBXBuildFile; fileRef = 8AB7D7D0201016AB008C77F2 /* chapter8.plist */; };
		8AB7D7DA201016AB008C77F2 /* chapter9.plist in Resources */ = {isa = PBXBuildFile; fileRef = 8AB7D7D1201016AB008C77F2 /* chapter9.plist */; };
		8AB7D7DB201016AB008C77F2 /* chapter4.plist in Resources */ = {isa = PBXBuildFile; fileRef = 8AB7D7D2201016AB008C77F2 /* chapter4.plist */; };
		8AB7D7DC201016AB008C77F2 /* chapter5.plist in Resources */ = {isa = PBXBuildFile; fileRef = 8AB7D7D3201016AB008C77F2 /* chapter5.plist */; };
		8AB7D7DD201016AB008C77F2 /* chapter3.plist in Resources */ = {isa = PBXBuildFile; fileRef = 8AB7D7D4201016AB008C77F2 /* chapter3.plist */; };
		8AB7D7DE201016AB008C77F2 /* chapter7.plist in Resources */ = {isa = PBXBuildFile; fileRef = 8AB7D7D5201016AB008C77F2 /* chapter7.plist */; };
		8AB7D7DF201016AB008C77F2 /* chapter10.plist in Resources */ = {isa = PBXBuildFile; fileRef = 8AB7D7D6201016AB008C77F2 /* chapter10.plist */; };
		8AB7D7E0201016AB008C77F2 /* chapter2.plist in Resources */ = {isa = PBXBuildFile; fileRef = 8AB7D7D7201016AB008C77F2 /* chapter2.plist */; };
		8AB7D7E1201016AB008C77F2 /* chapter6.plist in Resources */ = {isa = PBXBuildFile; fileRef = 8AB7D7D8201016AB008C77F2 /* chapter6.plist */; };
		8AB7D7E7201056CC008C77F2 /* User.swift in Sources */ = {isa = PBXBuildFile; fileRef = 8AB7D7E6201056CC008C77F2 /* User.swift */; };
		8AB7D7ED20105DE4008C77F2 /* UserLoginViewController.swift in Sources */ = {isa = PBXBuildFile; fileRef = 8AB7D7EC20105DE4008C77F2 /* UserLoginViewController.swift */; };
		8AB7D7EF2011B0B8008C77F2 /* WelcomeViewController.swift in Sources */ = {isa = PBXBuildFile; fileRef = 8AB7D7EE2011B0B8008C77F2 /* WelcomeViewController.swift */; };
		8AB7D7F22012407A008C77F2 /* Login.storyboard in Resources */ = {isa = PBXBuildFile; fileRef = 8AB7D7F02012407A008C77F2 /* Login.storyboard */; };
		8AC319732001E0F7003504A1 /* RationalViewController.swift in Sources */ = {isa = PBXBuildFile; fileRef = 8AC319722001E0F7003504A1 /* RationalViewController.swift */; };
		8AC3197620027817003504A1 /* FAQs.pdf in Resources */ = {isa = PBXBuildFile; fileRef = 8AC3197520027817003504A1 /* FAQs.pdf */; };
		8AC3198F2003CE72003504A1 /* Named.swift in Sources */ = {isa = PBXBuildFile; fileRef = 8AC3198E2003CE72003504A1 /* Named.swift */; };
		8AD4215620995F140089D355 /* chapter11.plist in Resources */ = {isa = PBXBuildFile; fileRef = 8AD4215220995F130089D355 /* chapter11.plist */; };
		8AD4215720995F140089D355 /* chapter12.plist in Resources */ = {isa = PBXBuildFile; fileRef = 8AD4215520995F140089D355 /* chapter12.plist */; };
		8AD6A88D1FEA1DC200DB2A3F /* ChaptersTableViewController.swift in Sources */ = {isa = PBXBuildFile; fileRef = 8AD6A88C1FEA1DC200DB2A3F /* ChaptersTableViewController.swift */; };
		8AD6A88F1FEA1E6E00DB2A3F /* ChapterTableViewCell.swift in Sources */ = {isa = PBXBuildFile; fileRef = 8AD6A88E1FEA1E6E00DB2A3F /* ChapterTableViewCell.swift */; };
		8AEEA23C1FE7615F00E8CC17 /* QuestionViewModel.swift in Sources */ = {isa = PBXBuildFile; fileRef = 8AEEA23B1FE7615F00E8CC17 /* QuestionViewModel.swift */; };
		8AEEA2441FE9934D00E8CC17 /* Dental_QuizTests.swift in Sources */ = {isa = PBXBuildFile; fileRef = 8AEEA2431FE9934D00E8CC17 /* Dental_QuizTests.swift */; };
		8AF372D21FFC815400248970 /* AboutUsViewController.swift in Sources */ = {isa = PBXBuildFile; fileRef = 8AF372D11FFC815400248970 /* AboutUsViewController.swift */; };
		8AF372D61FFDCF3400248970 /* FAQViewController.swift in Sources */ = {isa = PBXBuildFile; fileRef = 8AF372D51FFDCF3400248970 /* FAQViewController.swift */; };
		8AF372D81FFDD0CA00248970 /* About Us.pdf in Resources */ = {isa = PBXBuildFile; fileRef = 8AF372D71FFDD0CA00248970 /* About Us.pdf */; };
/* End PBXBuildFile section */

/* Begin PBXContainerItemProxy section */
		8AEEA2461FE9934D00E8CC17 /* PBXContainerItemProxy */ = {
			isa = PBXContainerItemProxy;
			containerPortal = 8A7CAD1E1FD8D205003D991E /* Project object */;
			proxyType = 1;
			remoteGlobalIDString = 8A7CAD251FD8D206003D991E;
			remoteInfo = "Dental Quiz";
		};
/* End PBXContainerItemProxy section */

/* Begin PBXCopyFilesBuildPhase section */
		8A9C90A32016E66200D0ACF1 /* Embed Frameworks */ = {
			isa = PBXCopyFilesBuildPhase;
			buildActionMask = 2147483647;
			dstPath = "";
			dstSubfolderSpec = 10;
			files = (
			);
			name = "Embed Frameworks";
			runOnlyForDeploymentPostprocessing = 0;
		};
/* End PBXCopyFilesBuildPhase section */

/* Begin PBXFileReference section */
		8A1091231FF1E63D003C861D /* MultipleChoiceTableViewController.swift */ = {isa = PBXFileReference; lastKnownFileType = sourcecode.swift; path = MultipleChoiceTableViewController.swift; sourceTree = "<group>"; };
		8A1091251FF1F668003C861D /* ChoiceTableViewCell.swift */ = {isa = PBXFileReference; lastKnownFileType = sourcecode.swift; path = ChoiceTableViewCell.swift; sourceTree = "<group>"; };
		8A71C681201CC86F00ACA293 /* Utils.swift */ = {isa = PBXFileReference; lastKnownFileType = sourcecode.swift; path = Utils.swift; sourceTree = "<group>"; };
		8A7CAD261FD8D206003D991E /* Dental Quiz.app */ = {isa = PBXFileReference; explicitFileType = wrapper.application; includeInIndex = 0; path = "Dental Quiz.app"; sourceTree = BUILT_PRODUCTS_DIR; };
		8A7CAD291FD8D206003D991E /* AppDelegate.swift */ = {isa = PBXFileReference; lastKnownFileType = sourcecode.swift; path = AppDelegate.swift; sourceTree = "<group>"; };
		8A7CAD2B1FD8D206003D991E /* QuestionViewController.swift */ = {isa = PBXFileReference; lastKnownFileType = sourcecode.swift; path = QuestionViewController.swift; sourceTree = "<group>"; };
		8A7CAD2E1FD8D206003D991E /* Base */ = {isa = PBXFileReference; lastKnownFileType = file.storyboard; name = Base; path = Base.lproj/Main.storyboard; sourceTree = "<group>"; };
		8A7CAD301FD8D206003D991E /* Assets.xcassets */ = {isa = PBXFileReference; lastKnownFileType = folder.assetcatalog; path = Assets.xcassets; sourceTree = "<group>"; };
		8A7CAD331FD8D206003D991E /* Base */ = {isa = PBXFileReference; lastKnownFileType = file.storyboard; name = Base; path = Base.lproj/LaunchScreen.storyboard; sourceTree = "<group>"; };
		8A7CAD351FD8D206003D991E /* Info.plist */ = {isa = PBXFileReference; lastKnownFileType = text.plist.xml; path = Info.plist; sourceTree = "<group>"; };
		8A8648CA2016D57B00112CEF /* Dental Quiz-Bridging-Header.h */ = {isa = PBXFileReference; lastKnownFileType = sourcecode.c.h; path = "Dental Quiz-Bridging-Header.h"; sourceTree = "<group>"; };
		8A8648D32016D7CB00112CEF /* libz.tbd */ = {isa = PBXFileReference; lastKnownFileType = "sourcecode.text-based-dylib-definition"; name = libz.tbd; path = usr/lib/libz.tbd; sourceTree = SDKROOT; };
		8A8648D52016D7D600112CEF /* SystemConfiguration.framework */ = {isa = PBXFileReference; lastKnownFileType = wrapper.framework; name = SystemConfiguration.framework; path = System/Library/Frameworks/SystemConfiguration.framework; sourceTree = SDKROOT; };
		8A8648D72016D7DE00112CEF /* CoreData.framework */ = {isa = PBXFileReference; lastKnownFileType = wrapper.framework; name = CoreData.framework; path = System/Library/Frameworks/CoreData.framework; sourceTree = SDKROOT; };
		8A8648D92016D7EB00112CEF /* libsqlite3.tbd */ = {isa = PBXFileReference; lastKnownFileType = "sourcecode.text-based-dylib-definition"; name = libsqlite3.tbd; path = usr/lib/libsqlite3.tbd; sourceTree = SDKROOT; };
		8AB7D7CE201015A4008C77F2 /* chapter1.plist */ = {isa = PBXFileReference; fileEncoding = 4; lastKnownFileType = text.plist.xml; path = chapter1.plist; sourceTree = "<group>"; };
		8AB7D7D0201016AB008C77F2 /* chapter8.plist */ = {isa = PBXFileReference; fileEncoding = 4; lastKnownFileType = text.plist.xml; path = chapter8.plist; sourceTree = "<group>"; };
		8AB7D7D1201016AB008C77F2 /* chapter9.plist */ = {isa = PBXFileReference; fileEncoding = 4; lastKnownFileType = text.plist.xml; path = chapter9.plist; sourceTree = "<group>"; };
		8AB7D7D2201016AB008C77F2 /* chapter4.plist */ = {isa = PBXFileReference; fileEncoding = 4; lastKnownFileType = text.plist.xml; path = chapter4.plist; sourceTree = "<group>"; };
		8AB7D7D3201016AB008C77F2 /* chapter5.plist */ = {isa = PBXFileReference; fileEncoding = 4; lastKnownFileType = text.plist.xml; path = chapter5.plist; sourceTree = "<group>"; };
		8AB7D7D4201016AB008C77F2 /* chapter3.plist */ = {isa = PBXFileReference; fileEncoding = 4; lastKnownFileType = text.plist.xml; path = chapter3.plist; sourceTree = "<group>"; };
		8AB7D7D5201016AB008C77F2 /* chapter7.plist */ = {isa = PBXFileReference; fileEncoding = 4; lastKnownFileType = text.plist.xml; path = chapter7.plist; sourceTree = "<group>"; };
		8AB7D7D6201016AB008C77F2 /* chapter10.plist */ = {isa = PBXFileReference; fileEncoding = 4; lastKnownFileType = text.plist.xml; path = chapter10.plist; sourceTree = "<group>"; };
		8AB7D7D7201016AB008C77F2 /* chapter2.plist */ = {isa = PBXFileReference; fileEncoding = 4; lastKnownFileType = text.plist.xml; path = chapter2.plist; sourceTree = "<group>"; };
		8AB7D7D8201016AB008C77F2 /* chapter6.plist */ = {isa = PBXFileReference; fileEncoding = 4; lastKnownFileType = text.plist.xml; path = chapter6.plist; sourceTree = "<group>"; };
		8AB7D7E6201056CC008C77F2 /* User.swift */ = {isa = PBXFileReference; lastKnownFileType = sourcecode.swift; path = User.swift; sourceTree = "<group>"; };
		8AB7D7EC20105DE4008C77F2 /* UserLoginViewController.swift */ = {isa = PBXFileReference; lastKnownFileType = sourcecode.swift; path = UserLoginViewController.swift; sourceTree = "<group>"; };
		8AB7D7EE2011B0B8008C77F2 /* WelcomeViewController.swift */ = {isa = PBXFileReference; lastKnownFileType = sourcecode.swift; path = WelcomeViewController.swift; sourceTree = "<group>"; };
		8AB7D7F12012407A008C77F2 /* Base */ = {isa = PBXFileReference; lastKnownFileType = file.storyboard; name = Base; path = "Dental Quiz/Base.lproj/Login.storyboard"; sourceTree = "<group>"; };
		8AC319722001E0F7003504A1 /* RationalViewController.swift */ = {isa = PBXFileReference; lastKnownFileType = sourcecode.swift; path = RationalViewController.swift; sourceTree = "<group>"; };
		8AC3197520027817003504A1 /* FAQs.pdf */ = {isa = PBXFileReference; lastKnownFileType = image.pdf; path = FAQs.pdf; sourceTree = "<group>"; };
		8AC3198E2003CE72003504A1 /* Named.swift */ = {isa = PBXFileReference; fileEncoding = 4; lastKnownFileType = sourcecode.swift; path = Named.swift; sourceTree = "<group>"; };
		8AD4215220995F130089D355 /* chapter11.plist */ = {isa = PBXFileReference; fileEncoding = 4; lastKnownFileType = text.plist.xml; path = chapter11.plist; sourceTree = "<group>"; };
		8AD4215520995F140089D355 /* chapter12.plist */ = {isa = PBXFileReference; fileEncoding = 4; lastKnownFileType = text.plist.xml; path = chapter12.plist; sourceTree = "<group>"; };
		8AD6A88C1FEA1DC200DB2A3F /* ChaptersTableViewController.swift */ = {isa = PBXFileReference; lastKnownFileType = sourcecode.swift; path = ChaptersTableViewController.swift; sourceTree = "<group>"; };
		8AD6A88E1FEA1E6E00DB2A3F /* ChapterTableViewCell.swift */ = {isa = PBXFileReference; lastKnownFileType = sourcecode.swift; path = ChapterTableViewCell.swift; sourceTree = "<group>"; };
		8AEEA23B1FE7615F00E8CC17 /* QuestionViewModel.swift */ = {isa = PBXFileReference; lastKnownFileType = sourcecode.swift; path = QuestionViewModel.swift; sourceTree = "<group>"; };
		8AEEA2411FE9934D00E8CC17 /* Dental QuizTests.xctest */ = {isa = PBXFileReference; explicitFileType = wrapper.cfbundle; includeInIndex = 0; path = "Dental QuizTests.xctest"; sourceTree = BUILT_PRODUCTS_DIR; };
		8AEEA2431FE9934D00E8CC17 /* Dental_QuizTests.swift */ = {isa = PBXFileReference; lastKnownFileType = sourcecode.swift; path = Dental_QuizTests.swift; sourceTree = "<group>"; };
		8AEEA2451FE9934D00E8CC17 /* Info.plist */ = {isa = PBXFileReference; lastKnownFileType = text.plist.xml; path = Info.plist; sourceTree = "<group>"; };
		8AF372D11FFC815400248970 /* AboutUsViewController.swift */ = {isa = PBXFileReference; lastKnownFileType = sourcecode.swift; path = AboutUsViewController.swift; sourceTree = "<group>"; };
		8AF372D51FFDCF3400248970 /* FAQViewController.swift */ = {isa = PBXFileReference; lastKnownFileType = sourcecode.swift; path = FAQViewController.swift; sourceTree = "<group>"; };
		8AF372D71FFDD0CA00248970 /* About Us.pdf */ = {isa = PBXFileReference; lastKnownFileType = image.pdf; path = "About Us.pdf"; sourceTree = "<group>"; };
/* End PBXFileReference section */

/* Begin PBXFrameworksBuildPhase section */
		8A7CAD231FD8D206003D991E /* Frameworks */ = {
			isa = PBXFrameworksBuildPhase;
			buildActionMask = 2147483647;
			files = (
			);
			runOnlyForDeploymentPostprocessing = 0;
		};
		8AEEA23E1FE9934D00E8CC17 /* Frameworks */ = {
			isa = PBXFrameworksBuildPhase;
			buildActionMask = 2147483647;
			files = (
			);
			runOnlyForDeploymentPostprocessing = 0;
		};
/* End PBXFrameworksBuildPhase section */

/* Begin PBXGroup section */
		8A71C67E201CBD8C00ACA293 /* Login */ = {
			isa = PBXGroup;
			children = (
				8AB7D7F02012407A008C77F2 /* Login.storyboard */,
				8AB7D7EC20105DE4008C77F2 /* UserLoginViewController.swift */,
				8AB7D7EE2011B0B8008C77F2 /* WelcomeViewController.swift */,
			);
			path = Login;
			sourceTree = "<group>";
		};
		8A71C67F201CBE8D00ACA293 /* About Us */ = {
			isa = PBXGroup;
			children = (
				8AF372D11FFC815400248970 /* AboutUsViewController.swift */,
			);
			path = "About Us";
			sourceTree = "<group>";
		};
		8A71C680201CBE9900ACA293 /* FAQ */ = {
			isa = PBXGroup;
			children = (
				8AF372D51FFDCF3400248970 /* FAQViewController.swift */,
			);
			path = FAQ;
			sourceTree = "<group>";
		};
		8A71C683201CCFAC00ACA293 /* Quiz */ = {
			isa = PBXGroup;
			children = (
				8AB7D7E920105BC9008C77F2 /* Question */,
				8AB7D7EA20105C66008C77F2 /* Rationale */,
				8AB7D7EB20105C92008C77F2 /* Multiple Choices */,
			);
			path = Quiz;
			sourceTree = "<group>";
		};
		8A7CAD1D1FD8D205003D991E = {
			isa = PBXGroup;
			children = (
				8A7CAD281FD8D206003D991E /* Dental Quiz */,
				8AEEA2421FE9934D00E8CC17 /* Dental QuizTests */,
				8A7CAD271FD8D206003D991E /* Products */,
				8A8648CE2016D5D100112CEF /* Frameworks */,
			);
			sourceTree = "<group>";
		};
		8A7CAD271FD8D206003D991E /* Products */ = {
			isa = PBXGroup;
			children = (
				8A7CAD261FD8D206003D991E /* Dental Quiz.app */,
				8AEEA2411FE9934D00E8CC17 /* Dental QuizTests.xctest */,
			);
			name = Products;
			sourceTree = "<group>";
		};
		8A7CAD281FD8D206003D991E /* Dental Quiz */ = {
			isa = PBXGroup;
			children = (
				8A7CAD291FD8D206003D991E /* AppDelegate.swift */,
				8A7CAD2D1FD8D206003D991E /* Main.storyboard */,
				8A71C67E201CBD8C00ACA293 /* Login */,
				8AB7D7E820105B9D008C77F2 /* Chapters */,
				8A71C683201CCFAC00ACA293 /* Quiz */,
				8A71C67F201CBE8D00ACA293 /* About Us */,
				8A71C680201CBE9900ACA293 /* FAQ */,
				8AC319902003CE95003504A1 /* Utils */,
				8AC3197420027794003504A1 /* PDFs */,
				8AB7D7E220105612008C77F2 /* PLIsts */,
				8A7CAD301FD8D206003D991E /* Assets.xcassets */,
				8A7CAD321FD8D206003D991E /* LaunchScreen.storyboard */,
				8A7CAD351FD8D206003D991E /* Info.plist */,
				8A8648CA2016D57B00112CEF /* Dental Quiz-Bridging-Header.h */,
			);
			path = "Dental Quiz";
			sourceTree = "<group>";
		};
		8A8648CE2016D5D100112CEF /* Frameworks */ = {
			isa = PBXGroup;
			children = (
				8A8648D92016D7EB00112CEF /* libsqlite3.tbd */,
				8A8648D72016D7DE00112CEF /* CoreData.framework */,
				8A8648D52016D7D600112CEF /* SystemConfiguration.framework */,
				8A8648D32016D7CB00112CEF /* libz.tbd */,
			);
			name = Frameworks;
			sourceTree = "<group>";
		};
		8AB7D7E220105612008C77F2 /* PLIsts */ = {
			isa = PBXGroup;
			children = (
				8AC319772003291F003504A1 /* Chapter PLIST */,
			);
			path = PLIsts;
			sourceTree = "<group>";
		};
		8AB7D7E820105B9D008C77F2 /* Chapters */ = {
			isa = PBXGroup;
			children = (
				8AD6A88C1FEA1DC200DB2A3F /* ChaptersTableViewController.swift */,
				8AD6A88E1FEA1E6E00DB2A3F /* ChapterTableViewCell.swift */,
			);
			path = Chapters;
			sourceTree = "<group>";
		};
		8AB7D7E920105BC9008C77F2 /* Question */ = {
			isa = PBXGroup;
			children = (
				8A7CAD2B1FD8D206003D991E /* QuestionViewController.swift */,
			);
			path = Question;
			sourceTree = "<group>";
		};
		8AB7D7EA20105C66008C77F2 /* Rationale */ = {
			isa = PBXGroup;
			children = (
				8AC319722001E0F7003504A1 /* RationalViewController.swift */,
			);
			path = Rationale;
			sourceTree = "<group>";
		};
		8AB7D7EB20105C92008C77F2 /* Multiple Choices */ = {
			isa = PBXGroup;
			children = (
				8A1091231FF1E63D003C861D /* MultipleChoiceTableViewController.swift */,
				8A1091251FF1F668003C861D /* ChoiceTableViewCell.swift */,
			);
			path = "Multiple Choices";
			sourceTree = "<group>";
		};
		8AC3197420027794003504A1 /* PDFs */ = {
			isa = PBXGroup;
			children = (
				8AC3197520027817003504A1 /* FAQs.pdf */,
				8AF372D71FFDD0CA00248970 /* About Us.pdf */,
			);
			path = PDFs;
			sourceTree = "<group>";
		};
		8AC319772003291F003504A1 /* Chapter PLIST */ = {
			isa = PBXGroup;
			children = (
				8AB7D7CE201015A4008C77F2 /* chapter1.plist */,
				8AB7D7D7201016AB008C77F2 /* chapter2.plist */,
				8AB7D7D4201016AB008C77F2 /* chapter3.plist */,
				8AB7D7D2201016AB008C77F2 /* chapter4.plist */,
				8AB7D7D3201016AB008C77F2 /* chapter5.plist */,
				8AB7D7D8201016AB008C77F2 /* chapter6.plist */,
				8AB7D7D5201016AB008C77F2 /* chapter7.plist */,
				8AB7D7D0201016AB008C77F2 /* chapter8.plist */,
				8AB7D7D1201016AB008C77F2 /* chapter9.plist */,
				8AB7D7D6201016AB008C77F2 /* chapter10.plist */,
				8AD4215220995F130089D355 /* chapter11.plist */,
				8AD4215520995F140089D355 /* chapter12.plist */,
			);
			path = "Chapter PLIST";
			sourceTree = "<group>";
		};
		8AC319902003CE95003504A1 /* Utils */ = {
			isa = PBXGroup;
			children = (
				8AC3198E2003CE72003504A1 /* Named.swift */,
				8AEEA23B1FE7615F00E8CC17 /* QuestionViewModel.swift */,
				8AB7D7E6201056CC008C77F2 /* User.swift */,
				8A71C681201CC86F00ACA293 /* Utils.swift */,
			);
			path = Utils;
			sourceTree = "<group>";
		};
		8AEEA2421FE9934D00E8CC17 /* Dental QuizTests */ = {
			isa = PBXGroup;
			children = (
				8AEEA2431FE9934D00E8CC17 /* Dental_QuizTests.swift */,
				8AEEA2451FE9934D00E8CC17 /* Info.plist */,
			);
			path = "Dental QuizTests";
			sourceTree = "<group>";
		};
/* End PBXGroup section */

/* Begin PBXNativeTarget section */
		8A7CAD251FD8D206003D991E /* Dental Quiz */ = {
			isa = PBXNativeTarget;
			buildConfigurationList = 8A7CAD381FD8D206003D991E /* Build configuration list for PBXNativeTarget "Dental Quiz" */;
			buildPhases = (
				8A7CAD221FD8D206003D991E /* Sources */,
				8A7CAD231FD8D206003D991E /* Frameworks */,
				8A7CAD241FD8D206003D991E /* Resources */,
				8A9C90A32016E66200D0ACF1 /* Embed Frameworks */,
			);
			buildRules = (
			);
			dependencies = (
			);
			name = "Dental Quiz";
			productName = "Dental Quiz";
			productReference = 8A7CAD261FD8D206003D991E /* Dental Quiz.app */;
			productType = "com.apple.product-type.application";
		};
		8AEEA2401FE9934D00E8CC17 /* Dental QuizTests */ = {
			isa = PBXNativeTarget;
			buildConfigurationList = 8AEEA2481FE9934D00E8CC17 /* Build configuration list for PBXNativeTarget "Dental QuizTests" */;
			buildPhases = (
				8AEEA23D1FE9934D00E8CC17 /* Sources */,
				8AEEA23E1FE9934D00E8CC17 /* Frameworks */,
				8AEEA23F1FE9934D00E8CC17 /* Resources */,
			);
			buildRules = (
			);
			dependencies = (
				8AEEA2471FE9934D00E8CC17 /* PBXTargetDependency */,
			);
			name = "Dental QuizTests";
			productName = "Dental QuizTests";
			productReference = 8AEEA2411FE9934D00E8CC17 /* Dental QuizTests.xctest */;
			productType = "com.apple.product-type.bundle.unit-test";
		};
/* End PBXNativeTarget section */

/* Begin PBXProject section */
		8A7CAD1E1FD8D205003D991E /* Project object */ = {
			isa = PBXProject;
			attributes = {
				LastSwiftUpdateCheck = 0910;
				LastUpgradeCheck = 0930;
				ORGANIZATIONNAME = "Novus Mobile";
				TargetAttributes = {
					8A7CAD251FD8D206003D991E = {
						CreatedOnToolsVersion = 9.1;
						LastSwiftMigration = 0920;
						ProvisioningStyle = Automatic;
					};
					8AEEA2401FE9934D00E8CC17 = {
						CreatedOnToolsVersion = 9.1;
						ProvisioningStyle = Automatic;
						TestTargetID = 8A7CAD251FD8D206003D991E;
					};
				};
			};
			buildConfigurationList = 8A7CAD211FD8D205003D991E /* Build configuration list for PBXProject "Dental Quiz" */;
			compatibilityVersion = "Xcode 8.0";
			developmentRegion = en;
			hasScannedForEncodings = 0;
			knownRegions = (
				en,
				Base,
			);
			mainGroup = 8A7CAD1D1FD8D205003D991E;
			productRefGroup = 8A7CAD271FD8D206003D991E /* Products */;
			projectDirPath = "";
			projectRoot = "";
			targets = (
				8A7CAD251FD8D206003D991E /* Dental Quiz */,
				8AEEA2401FE9934D00E8CC17 /* Dental QuizTests */,
			);
		};
/* End PBXProject section */

/* Begin PBXResourcesBuildPhase section */
		8A7CAD241FD8D206003D991E /* Resources */ = {
			isa = PBXResourcesBuildPhase;
			buildActionMask = 2147483647;
			files = (
				8AD4215620995F140089D355 /* chapter11.plist in Resources */,
				8AB7D7DB201016AB008C77F2 /* chapter4.plist in Resources */,
				8AB7D7E0201016AB008C77F2 /* chapter2.plist in Resources */,
				8AD4215720995F140089D355 /* chapter12.plist in Resources */,
				8AB7D7DA201016AB008C77F2 /* chapter9.plist in Resources */,
				8AB7D7CF201015A4008C77F2 /* chapter1.plist in Resources */,
				8A7CAD341FD8D206003D991E /* LaunchScreen.storyboard in Resources */,
				8AC3197620027817003504A1 /* FAQs.pdf in Resources */,
				8AB7D7E1201016AB008C77F2 /* chapter6.plist in Resources */,
				8AB7D7F22012407A008C77F2 /* Login.storyboard in Resources */,
				8A7CAD311FD8D206003D991E /* Assets.xcassets in Resources */,
				8AB7D7DE201016AB008C77F2 /* chapter7.plist in Resources */,
				8AB7D7DC201016AB008C77F2 /* chapter5.plist in Resources */,
				8AB7D7DD201016AB008C77F2 /* chapter3.plist in Resources */,
				8A7CAD2F1FD8D206003D991E /* Main.storyboard in Resources */,
				8AF372D81FFDD0CA00248970 /* About Us.pdf in Resources */,
				8AB7D7D9201016AB008C77F2 /* chapter8.plist in Resources */,
				8AB7D7DF201016AB008C77F2 /* chapter10.plist in Resources */,
			);
			runOnlyForDeploymentPostprocessing = 0;
		};
		8AEEA23F1FE9934D00E8CC17 /* Resources */ = {
			isa = PBXResourcesBuildPhase;
			buildActionMask = 2147483647;
			files = (
			);
			runOnlyForDeploymentPostprocessing = 0;
		};
/* End PBXResourcesBuildPhase section */

/* Begin PBXSourcesBuildPhase section */
		8A7CAD221FD8D206003D991E /* Sources */ = {
			isa = PBXSourcesBuildPhase;
			buildActionMask = 2147483647;
			files = (
				8AC319732001E0F7003504A1 /* RationalViewController.swift in Sources */,
				8A7CAD2C1FD8D206003D991E /* QuestionViewController.swift in Sources */,
				8AEEA23C1FE7615F00E8CC17 /* QuestionViewModel.swift in Sources */,
				8A1091241FF1E63D003C861D /* MultipleChoiceTableViewController.swift in Sources */,
				8AF372D21FFC815400248970 /* AboutUsViewController.swift in Sources */,
				8AB7D7ED20105DE4008C77F2 /* UserLoginViewController.swift in Sources */,
				8AD6A88F1FEA1E6E00DB2A3F /* ChapterTableViewCell.swift in Sources */,
				8A71C682201CC86F00ACA293 /* Utils.swift in Sources */,
				8AC3198F2003CE72003504A1 /* Named.swift in Sources */,
				8A1091261FF1F668003C861D /* ChoiceTableViewCell.swift in Sources */,
				8AB7D7E7201056CC008C77F2 /* User.swift in Sources */,
				8AF372D61FFDCF3400248970 /* FAQViewController.swift in Sources */,
				8A7CAD2A1FD8D206003D991E /* AppDelegate.swift in Sources */,
				8AD6A88D1FEA1DC200DB2A3F /* ChaptersTableViewController.swift in Sources */,
				8AB7D7EF2011B0B8008C77F2 /* WelcomeViewController.swift in Sources */,
			);
			runOnlyForDeploymentPostprocessing = 0;
		};
		8AEEA23D1FE9934D00E8CC17 /* Sources */ = {
			isa = PBXSourcesBuildPhase;
			buildActionMask = 2147483647;
			files = (
				8AEEA2441FE9934D00E8CC17 /* Dental_QuizTests.swift in Sources */,
			);
			runOnlyForDeploymentPostprocessing = 0;
		};
/* End PBXSourcesBuildPhase section */

/* Begin PBXTargetDependency section */
		8AEEA2471FE9934D00E8CC17 /* PBXTargetDependency */ = {
			isa = PBXTargetDependency;
			target = 8A7CAD251FD8D206003D991E /* Dental Quiz */;
			targetProxy = 8AEEA2461FE9934D00E8CC17 /* PBXContainerItemProxy */;
		};
/* End PBXTargetDependency section */

/* Begin PBXVariantGroup section */
		8A7CAD2D1FD8D206003D991E /* Main.storyboard */ = {
			isa = PBXVariantGroup;
			children = (
				8A7CAD2E1FD8D206003D991E /* Base */,
			);
			name = Main.storyboard;
			sourceTree = "<group>";
		};
		8A7CAD321FD8D206003D991E /* LaunchScreen.storyboard */ = {
			isa = PBXVariantGroup;
			children = (
				8A7CAD331FD8D206003D991E /* Base */,
			);
			name = LaunchScreen.storyboard;
			sourceTree = "<group>";
		};
		8AB7D7F02012407A008C77F2 /* Login.storyboard */ = {
			isa = PBXVariantGroup;
			children = (
				8AB7D7F12012407A008C77F2 /* Base */,
			);
			name = Login.storyboard;
			sourceTree = "<group>";
		};
/* End PBXVariantGroup section */

/* Begin XCBuildConfiguration section */
		8A7CAD361FD8D206003D991E /* Debug */ = {
			isa = XCBuildConfiguration;
			buildSettings = {
				ALWAYS_SEARCH_USER_PATHS = NO;
				CLANG_ANALYZER_NONNULL = YES;
				CLANG_ANALYZER_NUMBER_OBJECT_CONVERSION = YES_AGGRESSIVE;
				CLANG_CXX_LANGUAGE_STANDARD = "gnu++14";
				CLANG_CXX_LIBRARY = "libc++";
				CLANG_ENABLE_MODULES = YES;
				CLANG_ENABLE_OBJC_ARC = YES;
				CLANG_WARN_BLOCK_CAPTURE_AUTORELEASING = YES;
				CLANG_WARN_BOOL_CONVERSION = YES;
				CLANG_WARN_COMMA = YES;
				CLANG_WARN_CONSTANT_CONVERSION = YES;
				CLANG_WARN_DEPRECATED_OBJC_IMPLEMENTATIONS = YES;
				CLANG_WARN_DIRECT_OBJC_ISA_USAGE = YES_ERROR;
				CLANG_WARN_DOCUMENTATION_COMMENTS = YES;
				CLANG_WARN_EMPTY_BODY = YES;
				CLANG_WARN_ENUM_CONVERSION = YES;
				CLANG_WARN_INFINITE_RECURSION = YES;
				CLANG_WARN_INT_CONVERSION = YES;
				CLANG_WARN_NON_LITERAL_NULL_CONVERSION = YES;
				CLANG_WARN_OBJC_IMPLICIT_RETAIN_SELF = YES;
				CLANG_WARN_OBJC_LITERAL_CONVERSION = YES;
				CLANG_WARN_OBJC_ROOT_CLASS = YES_ERROR;
				CLANG_WARN_RANGE_LOOP_ANALYSIS = YES;
				CLANG_WARN_STRICT_PROTOTYPES = YES;
				CLANG_WARN_SUSPICIOUS_MOVE = YES;
				CLANG_WARN_UNGUARDED_AVAILABILITY = YES_AGGRESSIVE;
				CLANG_WARN_UNREACHABLE_CODE = YES;
				CLANG_WARN__DUPLICATE_METHOD_MATCH = YES;
				CODE_SIGN_IDENTITY = "iPhone Developer";
				COPY_PHASE_STRIP = NO;
				DEBUG_INFORMATION_FORMAT = dwarf;
				ENABLE_STRICT_OBJC_MSGSEND = YES;
				ENABLE_TESTABILITY = YES;
				GCC_C_LANGUAGE_STANDARD = gnu11;
				GCC_DYNAMIC_NO_PIC = NO;
				GCC_NO_COMMON_BLOCKS = YES;
				GCC_OPTIMIZATION_LEVEL = 0;
				GCC_PREPROCESSOR_DEFINITIONS = (
					"DEBUG=1",
					"$(inherited)",
				);
				GCC_WARN_64_TO_32_BIT_CONVERSION = YES;
				GCC_WARN_ABOUT_RETURN_TYPE = YES_ERROR;
				GCC_WARN_UNDECLARED_SELECTOR = YES;
				GCC_WARN_UNINITIALIZED_AUTOS = YES_AGGRESSIVE;
				GCC_WARN_UNUSED_FUNCTION = YES;
				GCC_WARN_UNUSED_VARIABLE = YES;
				IPHONEOS_DEPLOYMENT_TARGET = 11.1;
				MTL_ENABLE_DEBUG_INFO = YES;
				ONLY_ACTIVE_ARCH = YES;
				SDKROOT = iphoneos;
				SWIFT_ACTIVE_COMPILATION_CONDITIONS = DEBUG;
				SWIFT_OPTIMIZATION_LEVEL = "-Onone";
			};
			name = Debug;
		};
		8A7CAD371FD8D206003D991E /* Release */ = {
			isa = XCBuildConfiguration;
			buildSettings = {
				ALWAYS_SEARCH_USER_PATHS = NO;
				CLANG_ANALYZER_NONNULL = YES;
				CLANG_ANALYZER_NUMBER_OBJECT_CONVERSION = YES_AGGRESSIVE;
				CLANG_CXX_LANGUAGE_STANDARD = "gnu++14";
				CLANG_CXX_LIBRARY = "libc++";
				CLANG_ENABLE_MODULES = YES;
				CLANG_ENABLE_OBJC_ARC = YES;
				CLANG_WARN_BLOCK_CAPTURE_AUTORELEASING = YES;
				CLANG_WARN_BOOL_CONVERSION = YES;
				CLANG_WARN_COMMA = YES;
				CLANG_WARN_CONSTANT_CONVERSION = YES;
				CLANG_WARN_DEPRECATED_OBJC_IMPLEMENTATIONS = YES;
				CLANG_WARN_DIRECT_OBJC_ISA_USAGE = YES_ERROR;
				CLANG_WARN_DOCUMENTATION_COMMENTS = YES;
				CLANG_WARN_EMPTY_BODY = YES;
				CLANG_WARN_ENUM_CONVERSION = YES;
				CLANG_WARN_INFINITE_RECURSION = YES;
				CLANG_WARN_INT_CONVERSION = YES;
				CLANG_WARN_NON_LITERAL_NULL_CONVERSION = YES;
				CLANG_WARN_OBJC_IMPLICIT_RETAIN_SELF = YES;
				CLANG_WARN_OBJC_LITERAL_CONVERSION = YES;
				CLANG_WARN_OBJC_ROOT_CLASS = YES_ERROR;
				CLANG_WARN_RANGE_LOOP_ANALYSIS = YES;
				CLANG_WARN_STRICT_PROTOTYPES = YES;
				CLANG_WARN_SUSPICIOUS_MOVE = YES;
				CLANG_WARN_UNGUARDED_AVAILABILITY = YES_AGGRESSIVE;
				CLANG_WARN_UNREACHABLE_CODE = YES;
				CLANG_WARN__DUPLICATE_METHOD_MATCH = YES;
				CODE_SIGN_IDENTITY = "iPhone Developer";
				COPY_PHASE_STRIP = NO;
				DEBUG_INFORMATION_FORMAT = "dwarf-with-dsym";
				ENABLE_NS_ASSERTIONS = NO;
				ENABLE_STRICT_OBJC_MSGSEND = YES;
				GCC_C_LANGUAGE_STANDARD = gnu11;
				GCC_NO_COMMON_BLOCKS = YES;
				GCC_WARN_64_TO_32_BIT_CONVERSION = YES;
				GCC_WARN_ABOUT_RETURN_TYPE = YES_ERROR;
				GCC_WARN_UNDECLARED_SELECTOR = YES;
				GCC_WARN_UNINITIALIZED_AUTOS = YES_AGGRESSIVE;
				GCC_WARN_UNUSED_FUNCTION = YES;
				GCC_WARN_UNUSED_VARIABLE = YES;
				IPHONEOS_DEPLOYMENT_TARGET = 11.1;
				MTL_ENABLE_DEBUG_INFO = NO;
				SDKROOT = iphoneos;
				SWIFT_OPTIMIZATION_LEVEL = "-Owholemodule";
				VALIDATE_PRODUCT = YES;
			};
			name = Release;
		};
		8A7CAD391FD8D206003D991E /* Debug */ = {
			isa = XCBuildConfiguration;
			buildSettings = {
				ALWAYS_EMBED_SWIFT_STANDARD_LIBRARIES = YES;
				ASSETCATALOG_COMPILER_APPICON_NAME = AppIcon;
				CLANG_ENABLE_MODULES = YES;
				"CODE_SIGN_IDENTITY[sdk=iphoneos*]" = "iPhone Developer";
				CODE_SIGN_STYLE = Automatic;
				DEVELOPMENT_TEAM = "";
				FRAMEWORK_SEARCH_PATHS = "$(inherited)";
				INFOPLIST_FILE = "Dental Quiz/Info.plist";
				LD_RUNPATH_SEARCH_PATHS = "$(inherited) @executable_path/Frameworks";
				LIBRARY_SEARCH_PATHS = "$(inherited)";
				OTHER_LDFLAGS = "";
				PRODUCT_BUNDLE_IDENTIFIER = com.dental.novusmobile;
				PRODUCT_NAME = "$(TARGET_NAME)";
				PROVISIONING_PROFILE = "";
				PROVISIONING_PROFILE_SPECIFIER = "";
				SWIFT_OBJC_BRIDGING_HEADER = "Dental Quiz/Dental Quiz-Bridging-Header.h";
				SWIFT_OPTIMIZATION_LEVEL = "-Onone";
				SWIFT_VERSION = 4.0;
				TARGETED_DEVICE_FAMILY = "1,2";
			};
			name = Debug;
		};
		8A7CAD3A1FD8D206003D991E /* Release */ = {
			isa = XCBuildConfiguration;
			buildSettings = {
				ALWAYS_EMBED_SWIFT_STANDARD_LIBRARIES = YES;
				ASSETCATALOG_COMPILER_APPICON_NAME = AppIcon;
				CLANG_ENABLE_MODULES = YES;
				"CODE_SIGN_IDENTITY[sdk=iphoneos*]" = "iPhone Developer";
				CODE_SIGN_STYLE = Automatic;
				DEVELOPMENT_TEAM = "";
				FRAMEWORK_SEARCH_PATHS = "$(inherited)";
				INFOPLIST_FILE = "Dental Quiz/Info.plist";
				LD_RUNPATH_SEARCH_PATHS = "$(inherited) @executable_path/Frameworks";
				LIBRARY_SEARCH_PATHS = "$(inherited)";
				OTHER_LDFLAGS = "";
				PRODUCT_BUNDLE_IDENTIFIER = com.dental.novusmobile;
				PRODUCT_NAME = "$(TARGET_NAME)";
				PROVISIONING_PROFILE_SPECIFIER = "";
				SWIFT_OBJC_BRIDGING_HEADER = "Dental Quiz/Dental Quiz-Bridging-Header.h";
				SWIFT_VERSION = 4.0;
				TARGETED_DEVICE_FAMILY = "1,2";
			};
			name = Release;
		};
		8AEEA2491FE9934D00E8CC17 /* Debug */ = {
			isa = XCBuildConfiguration;
			buildSettings = {
				BUNDLE_LOADER = "$(TEST_HOST)";
				CODE_SIGN_STYLE = Automatic;
				DEVELOPMENT_TEAM = J2EY74W5G9;
				INFOPLIST_FILE = "Dental QuizTests/Info.plist";
				LD_RUNPATH_SEARCH_PATHS = "$(inherited) @executable_path/Frameworks @loader_path/Frameworks";
				PRODUCT_BUNDLE_IDENTIFIER = "NovusMobile.Dental-QuizTests";
				PRODUCT_NAME = "$(TARGET_NAME)";
				SWIFT_VERSION = 4.0;
				TARGETED_DEVICE_FAMILY = "1,2";
				TEST_HOST = "$(BUILT_PRODUCTS_DIR)/Dental Quiz.app/Dental Quiz";
			};
			name = Debug;
		};
		8AEEA24A1FE9934D00E8CC17 /* Release */ = {
			isa = XCBuildConfiguration;
			buildSettings = {
				BUNDLE_LOADER = "$(TEST_HOST)";
				CODE_SIGN_STYLE = Automatic;
				DEVELOPMENT_TEAM = J2EY74W5G9;
				INFOPLIST_FILE = "Dental QuizTests/Info.plist";
				LD_RUNPATH_SEARCH_PATHS = "$(inherited) @executable_path/Frameworks @loader_path/Frameworks";
				PRODUCT_BUNDLE_IDENTIFIER = "NovusMobile.Dental-QuizTests";
				PRODUCT_NAME = "$(TARGET_NAME)";
				SWIFT_VERSION = 4.0;
				TARGETED_DEVICE_FAMILY = "1,2";
				TEST_HOST = "$(BUILT_PRODUCTS_DIR)/Dental Quiz.app/Dental Quiz";
			};
			name = Release;
		};
/* End XCBuildConfiguration section */

/* Begin XCConfigurationList section */
		8A7CAD211FD8D205003D991E /* Build configuration list for PBXProject "Dental Quiz" */ = {
			isa = XCConfigurationList;
			buildConfigurations = (
				8A7CAD361FD8D206003D991E /* Debug */,
				8A7CAD371FD8D206003D991E /* Release */,
			);
			defaultConfigurationIsVisible = 0;
			defaultConfigurationName = Release;
		};
		8A7CAD381FD8D206003D991E /* Build configuration list for PBXNativeTarget "Dental Quiz" */ = {
			isa = XCConfigurationList;
			buildConfigurations = (
				8A7CAD391FD8D206003D991E /* Debug */,
				8A7CAD3A1FD8D206003D991E /* Release */,
			);
			defaultConfigurationIsVisible = 0;
			defaultConfigurationName = Release;
		};
		8AEEA2481FE9934D00E8CC17 /* Build configuration list for PBXNativeTarget "Dental QuizTests" */ = {
			isa = XCConfigurationList;
			buildConfigurations = (
				8AEEA2491FE9934D00E8CC17 /* Debug */,
				8AEEA24A1FE9934D00E8CC17 /* Release */,
			);
			defaultConfigurationIsVisible = 0;
			defaultConfigurationName = Release;
		};
/* End XCConfigurationList section */
	};
	rootObject = 8A7CAD1E1FD8D205003D991E /* Project object */;
}
